{
  "name": "chdir-adversarial-root",
  "version": "1.0.0",
  "lockfileVersion": 3,
  "requires": true,
  "packages": {
    "": {
      "name": "chdir-adversarial-root",
      "version": "1.0.0",
      "dependencies": {
        "chdir-pkg": "file:./packages/chdir-pkg"
      }
    },
    "node_modules/chdir-pkg": {
      "resolved": "packages/chdir-pkg",
      "link": true
    },
    "packages/chdir-pkg": {
      "version": "1.0.0",
      "hasInstallScript": true
    }
  }
}
