{
  "name": "lifecycle-coverage-fixture",
  "version": "1.0.0",
  "lockfileVersion": 3,
  "requires": true,
  "packages": {
    "": {
      "name": "lifecycle-coverage-fixture",
      "version": "1.0.0",
      "dependencies": {
        "extra-lifecycle": "file:./packages/extra-lifecycle"
      }
    },
    "node_modules/extra-lifecycle": {
      "resolved": "packages/extra-lifecycle",
      "link": true
    },
    "packages/extra-lifecycle": {
      "version": "1.0.0"
    }
  }
}
